
Microsoft Visual Studio Solution File, Format Version 12.00
# Visual Studio Version 17
VisualStudioVersion = 17.4.33205.214
MinimumVisualStudioVersion = 10.0.40219.1
Project("{888888A0-9F3D-457C-B088-3A5042F75D52}") = "country", "country\country.pyproj", "{E70524E8-9EAC-412C-84F7-8F8C057D1C39}"
EndProject
Global
	GlobalSection(SolutionConfigurationPlatforms) = preSolution
		Debug|Any CPU = Debug|Any CPU
		Release|Any CPU = Release|Any CPU
	EndGlobalSection
	GlobalSection(ProjectConfigurationPlatforms) = postSolution
		{E70524E8-9EAC-412C-84F7-8F8C057D1C39}.Debug|Any CPU.ActiveCfg = Debug|Any CPU
		{E70524E8-9EAC-412C-84F7-8F8C057D1C39}.Release|Any CPU.ActiveCfg = Release|Any CPU
	EndGlobalSection
	GlobalSection(SolutionProperties) = preSolution
		HideSolutionNode = FALSE
	EndGlobalSection
	GlobalSection(ExtensibilityGlobals) = postSolution
		SolutionGuid = {75F79F5A-8F50-4AB0-A943-E5290F712BE0}
	EndGlobalSection
EndGlobal
